github.com/MichaelKinsy/PiG/extensions/sdk v0.3.0 h1:TBDRdEvBhWI1p8siQ+kZvkuLcYwL5j0g47qxRn+0LH8=
github.com/MichaelKinsy/PiG/extensions/sdk v0.3.0/go.mod h1:4j0XhCW0EPOBWvqYE7XKjTvIAahI7K1VyyW3KpjTKj8=
golang.org/x/text v0.41.0 h1:vz/seA0lnX87Othu2f/0L24RcgrXD9/YFTSuGjj3rH8=
golang.org/x/text v0.41.0/go.mod h1:jvf1O8ajNzZqhSrQBPbutR/EB83Cc0CFrezNQIwbb5M=
