{
  "name": "pi-warden",
  "lockfileVersion": 3,
  "requires": true,
  "packages": {
    "": {
      "dependencies": {
        "pi-warden": "0.73.0"
      }
    },
    "node_modules/@typesafe-ai/sdk": {
      "version": "0.6.0",
      "resolved": "https://registry.npmjs.org/@typesafe-ai/sdk/-/sdk-0.6.0.tgz",
      "integrity": "sha512-IddX+Q0XM+VagOUZFeP7wZjaO4SHMdvnh2zEBdrZZnXedWI3BNK1lKhMx3ayrkFWvVLbVcUHJy6AVZlY+e6Jaw==",
      "license": "MIT",
      "engines": {
        "node": ">=20"
      }
    },
    "node_modules/pi-typesafe": {
      "version": "0.7.4",
      "resolved": "https://registry.npmjs.org/pi-typesafe/-/pi-typesafe-0.7.4.tgz",
      "integrity": "sha512-yNtRXtkP7dJuZwIcvZM69mEWqQvAAkdzFAk7VvuEidctJojjS8nas+8MKBEIq6YXh8JuQAP5ZACK13fwJ3+voA==",
      "license": "MIT",
      "dependencies": {
        "@typesafe-ai/sdk": "^0.6.0",
        "typebox": "^1.3.31"
      },
      "engines": {
        "node": ">=22.19.0"
      },
      "funding": {
        "url": "https://github.com/sponsors/DevMortimer"
      },
      "peerDependencies": {
        "@earendil-works/pi-coding-agent": ">=0.85.1 <1",
        "@earendil-works/pi-tui": ">=0.85.1 <1"
      },
      "peerDependenciesMeta": {
        "@earendil-works/pi-coding-agent": {
          "optional": true
        },
        "@earendil-works/pi-tui": {
          "optional": true
        }
      }
    },
    "node_modules/pi-warden": {
      "version": "0.73.0",
      "resolved": "https://registry.npmjs.org/pi-warden/-/pi-warden-0.73.0.tgz",
      "integrity": "sha512-V4Yg/X1hlQ67upeZLGX8ZfBjDKZD9TBKRlIWhsV+R9cSic92JlbwZMNWNUGXInS/PeoWuz3XTfHQkJYPxEI/5g==",
      "license": "MIT",
      "dependencies": {
        "pi-typesafe": "^0.7.0"
      },
      "engines": {
        "node": ">=22.19.0"
      },
      "funding": {
        "url": "https://github.com/sponsors/DevMortimer"
      },
      "peerDependencies": {
        "@earendil-works/pi-coding-agent": ">=0.85.1 <1",
        "@earendil-works/pi-tui": ">=0.85.1 <1"
      },
      "peerDependenciesMeta": {
        "@earendil-works/pi-coding-agent": {
          "optional": true
        },
        "@earendil-works/pi-tui": {
          "optional": true
        }
      }
    },
    "node_modules/typebox": {
      "version": "1.3.34",
      "resolved": "https://registry.npmjs.org/typebox/-/typebox-1.3.34.tgz",
      "integrity": "sha512-wbnzrXXDW8xEFHDZZs2jo1MkhaYlKAY4FRhpBc1+2LF1fZVBGCXGdLEhA/Z/NBbgzJMFfeM8m7elKPa/+KxaUQ==",
      "license": "MIT"
    }
  }
}
